// !$*UTF8*$!
{
	archiveVersion = 1;
	classes = {
	};
	objectVersion = 55;
	objects = {

/* Begin PBXBuildFile section */
		9F39DD4D2773A1AF00C62176 /* Constants.swift in Sources */ = {isa = PBXBuildFile; fileRef = 9F39DD4C2773A1AF00C62176 /* Constants.swift */; };
		9F39DD4F2773A22200C62176 /* Api Request.swift in Sources */ = {isa = PBXBuildFile; fileRef = 9F39DD4E2773A22200C62176 /* Api Request.swift */; };
		9F39DD512773A23A00C62176 /* Video.swift in Sources */ = {isa = PBXBuildFile; fileRef = 9F39DD502773A23A00C62176 /* Video.swift */; };
		9F39DD542773A45F00C62176 /* Response.swift in Sources */ = {isa = PBXBuildFile; fileRef = 9F39DD532773A45F00C62176 /* Response.swift */; };
		9F4CA0D327765A6A00C50D77 /* CacheManager.swift in Sources */ = {isa = PBXBuildFile; fileRef = 9F4CA0D227765A6A00C50D77 /* CacheManager.swift */; };
		9F4CA0D62776693500C50D77 /* DetailsViewController.swift in Sources */ = {isa = PBXBuildFile; fileRef = 9F4CA0D52776693500C50D77 /* DetailsViewController.swift */; };
		9F4CA0DB27766CD600C50D77 /* NavigationManager.swift in Sources */ = {isa = PBXBuildFile; fileRef = 9F4CA0DA27766CD600C50D77 /* NavigationManager.swift */; };
		9F4CA0DD2776860B00C50D77 /* DateFormatManager.swift in Sources */ = {isa = PBXBuildFile; fileRef = 9F4CA0DC2776860B00C50D77 /* DateFormatManager.swift */; };
		9F92F5B4277499E800DCAAD2 /* CustomTableViewCell.swift in Sources */ = {isa = PBXBuildFile; fileRef = 9F92F5B2277499E800DCAAD2 /* CustomTableViewCell.swift */; };
		9F92F5B72774A09500DCAAD2 /* ApiRequestDelegate.swift in Sources */ = {isa = PBXBuildFile; fileRef = 9F92F5B62774A09500DCAAD2 /* ApiRequestDelegate.swift */; };
		9FE6D5A02770E6DB00EB3D39 /* AppDelegate.swift in Sources */ = {isa = PBXBuildFile; fileRef = 9FE6D59F2770E6DB00EB3D39 /* AppDelegate.swift */; };
		9FE6D5A22770E6DB00EB3D39 /* SceneDelegate.swift in Sources */ = {isa = PBXBuildFile; fileRef = 9FE6D5A12770E6DB00EB3D39 /* SceneDelegate.swift */; };
		9FE6D5A42770E6DB00EB3D39 /* MainViewController.swift in Sources */ = {isa = PBXBuildFile; fileRef = 9FE6D5A32770E6DB00EB3D39 /* MainViewController.swift */; };
		9FE6D5A72770E6DB00EB3D39 /* Main.storyboard in Resources */ = {isa = PBXBuildFile; fileRef = 9FE6D5A52770E6DB00EB3D39 /* Main.storyboard */; };
		9FE6D5A92770E6DB00EB3D39 /* Assets.xcassets in Resources */ = {isa = PBXBuildFile; fileRef = 9FE6D5A82770E6DB00EB3D39 /* Assets.xcassets */; };
		9FE6D5AC2770E6DB00EB3D39 /* LaunchScreen.storyboard in Resources */ = {isa = PBXBuildFile; fileRef = 9FE6D5AA2770E6DB00EB3D39 /* LaunchScreen.storyboard */; };
/* End PBXBuildFile section */

/* Begin PBXFileReference section */
		9F39DD4C2773A1AF00C62176 /* Constants.swift */ = {isa = PBXFileReference; lastKnownFileType = sourcecode.swift; path = Constants.swift; sourceTree = "<group>"; };
		9F39DD4E2773A22200C62176 /* Api Request.swift */ = {isa = PBXFileReference; lastKnownFileType = sourcecode.swift; path = "Api Request.swift"; sourceTree = "<group>"; };
		9F39DD502773A23A00C62176 /* Video.swift */ = {isa = PBXFileReference; lastKnownFileType = sourcecode.swift; path = Video.swift; sourceTree = "<group>"; };
		9F39DD532773A45F00C62176 /* Response.swift */ = {isa = PBXFileReference; lastKnownFileType = sourcecode.swift; path = Response.swift; sourceTree = "<group>"; };
		9F4CA0D227765A6A00C50D77 /* CacheManager.swift */ = {isa = PBXFileReference; lastKnownFileType = sourcecode.swift; path = CacheManager.swift; sourceTree = "<group>"; };
		9F4CA0D52776693500C50D77 /* DetailsViewController.swift */ = {isa = PBXFileReference; lastKnownFileType = sourcecode.swift; path = DetailsViewController.swift; sourceTree = "<group>"; };
		9F4CA0DA27766CD600C50D77 /* NavigationManager.swift */ = {isa = PBXFileReference; lastKnownFileType = sourcecode.swift; path = NavigationManager.swift; sourceTree = "<group>"; };
		9F4CA0DC2776860B00C50D77 /* DateFormatManager.swift */ = {isa = PBXFileReference; lastKnownFileType = sourcecode.swift; path = DateFormatManager.swift; sourceTree = "<group>"; };
		9F92F5B2277499E800DCAAD2 /* CustomTableViewCell.swift */ = {isa = PBXFileReference; lastKnownFileType = sourcecode.swift; path = CustomTableViewCell.swift; sourceTree = "<group>"; };
		9F92F5B62774A09500DCAAD2 /* ApiRequestDelegate.swift */ = {isa = PBXFileReference; lastKnownFileType = sourcecode.swift; path = ApiRequestDelegate.swift; sourceTree = "<group>"; };
		9FE6D59C2770E6DB00EB3D39 /* Youtube App.app */ = {isa = PBXFileReference; explicitFileType = wrapper.application; includeInIndex = 0; path = "Youtube App.app"; sourceTree = BUILT_PRODUCTS_DIR; };
		9FE6D59F2770E6DB00EB3D39 /* AppDelegate.swift */ = {isa = PBXFileReference; lastKnownFileType = sourcecode.swift; path = AppDelegate.swift; sourceTree = "<group>"; };
		9FE6D5A12770E6DB00EB3D39 /* SceneDelegate.swift */ = {isa = PBXFileReference; lastKnownFileType = sourcecode.swift; path = SceneDelegate.swift; sourceTree = "<group>"; };
		9FE6D5A32770E6DB00EB3D39 /* MainViewController.swift */ = {isa = PBXFileReference; lastKnownFileType = sourcecode.swift; path = MainViewController.swift; sourceTree = "<group>"; };
		9FE6D5A62770E6DB00EB3D39 /* Base */ = {isa = PBXFileReference; lastKnownFileType = file.storyboard; name = Base; path = Base.lproj/Main.storyboard; sourceTree = "<group>"; };
		9FE6D5A82770E6DB00EB3D39 /* Assets.xcassets */ = {isa = PBXFileReference; lastKnownFileType = folder.assetcatalog; path = Assets.xcassets; sourceTree = "<group>"; };
		9FE6D5AB2770E6DB00EB3D39 /* Base */ = {isa = PBXFileReference; lastKnownFileType = file.storyboard; name = Base; path = Base.lproj/LaunchScreen.storyboard; sourceTree = "<group>"; };
		9FE6D5AD2770E6DB00EB3D39 /* Info.plist */ = {isa = PBXFileReference; lastKnownFileType = text.plist.xml; path = Info.plist; sourceTree = "<group>"; };
/* End PBXFileReference section */

/* Begin PBXFrameworksBuildPhase section */
		9FE6D5992770E6DB00EB3D39 /* Frameworks */ = {
			isa = PBXFrameworksBuildPhase;
			buildActionMask = 2147483647;
			files = (
			);
			runOnlyForDeploymentPostprocessing = 0;
		};
/* End PBXFrameworksBuildPhase section */

/* Begin PBXGroup section */
		9F39DD452773A0BE00C62176 /* Core */ = {
			isa = PBXGroup;
			children = (
				9F39DD4B2773A11F00C62176 /* Service */,
				9F39DD492773A0DD00C62176 /* Extensions */,
				9F39DD482773A0D700C62176 /* Protocols */,
				9F39DD472773A0D300C62176 /* Models */,
				9F39DD462773A0CA00C62176 /* Networking */,
			);
			path = Core;
			sourceTree = "<group>";
		};
		9F39DD462773A0CA00C62176 /* Networking */ = {
			isa = PBXGroup;
			children = (
				9F39DD522773A43F00C62176 /* Response */,
				9F39DD4A2773A0FB00C62176 /* Requests */,
				9F39DD4C2773A1AF00C62176 /* Constants.swift */,
			);
			path = Networking;
			sourceTree = "<group>";
		};
		9F39DD472773A0D300C62176 /* Models */ = {
			isa = PBXGroup;
			children = (
				9F39DD502773A23A00C62176 /* Video.swift */,
			);
			path = Models;
			sourceTree = "<group>";
		};
		9F39DD482773A0D700C62176 /* Protocols */ = {
			isa = PBXGroup;
			children = (
				9F92F5B62774A09500DCAAD2 /* ApiRequestDelegate.swift */,
			);
			path = Protocols;
			sourceTree = "<group>";
		};
		9F39DD492773A0DD00C62176 /* Extensions */ = {
			isa = PBXGroup;
			children = (
			);
			path = Extensions;
			sourceTree = "<group>";
		};
		9F39DD4A2773A0FB00C62176 /* Requests */ = {
			isa = PBXGroup;
			children = (
				9F39DD4E2773A22200C62176 /* Api Request.swift */,
			);
			path = Requests;
			sourceTree = "<group>";
		};
		9F39DD4B2773A11F00C62176 /* Service */ = {
			isa = PBXGroup;
			children = (
				9F4CA0D827766C6100C50D77 /* Navigation */,
				9F4CA0D227765A6A00C50D77 /* CacheManager.swift */,
				9F4CA0DC2776860B00C50D77 /* DateFormatManager.swift */,
			);
			path = Service;
			sourceTree = "<group>";
		};
		9F39DD522773A43F00C62176 /* Response */ = {
			isa = PBXGroup;
			children = (
				9F39DD532773A45F00C62176 /* Response.swift */,
			);
			path = Response;
			sourceTree = "<group>";
		};
		9F4CA0D42776691900C50D77 /* Details Page */ = {
			isa = PBXGroup;
			children = (
				9F4CA0D72776694900C50D77 /* Controllers */,
			);
			path = "Details Page";
			sourceTree = "<group>";
		};
		9F4CA0D72776694900C50D77 /* Controllers */ = {
			isa = PBXGroup;
			children = (
				9F4CA0D52776693500C50D77 /* DetailsViewController.swift */,
			);
			path = Controllers;
			sourceTree = "<group>";
		};
		9F4CA0D827766C6100C50D77 /* Navigation */ = {
			isa = PBXGroup;
			children = (
				9F4CA0DA27766CD600C50D77 /* NavigationManager.swift */,
			);
			path = Navigation;
			sourceTree = "<group>";
		};
		9F92F5B1277499CE00DCAAD2 /* TableView */ = {
			isa = PBXGroup;
			children = (
				9F92F5B2277499E800DCAAD2 /* CustomTableViewCell.swift */,
			);
			path = TableView;
			sourceTree = "<group>";
		};
		9FB0BF5B2770EB99000DAAEF /* Root */ = {
			isa = PBXGroup;
			children = (
				9FE6D59F2770E6DB00EB3D39 /* AppDelegate.swift */,
				9FE6D5A12770E6DB00EB3D39 /* SceneDelegate.swift */,
			);
			path = Root;
			sourceTree = "<group>";
		};
		9FB0BF5C2770EBAF000DAAEF /* Presentation */ = {
			isa = PBXGroup;
			children = (
				9FB0BF5E2770EBC6000DAAEF /* UI */,
			);
			path = Presentation;
			sourceTree = "<group>";
		};
		9FB0BF5D2770EBBC000DAAEF /* Scenes */ = {
			isa = PBXGroup;
			children = (
				9F92F5B1277499CE00DCAAD2 /* TableView */,
				9FB0BF5F2770EBD3000DAAEF /* Main Page */,
				9F4CA0D42776691900C50D77 /* Details Page */,
			);
			path = Scenes;
			sourceTree = "<group>";
		};
		9FB0BF5E2770EBC6000DAAEF /* UI */ = {
			isa = PBXGroup;
			children = (
				9FE6D5A52770E6DB00EB3D39 /* Main.storyboard */,
				9FE6D5AA2770E6DB00EB3D39 /* LaunchScreen.storyboard */,
			);
			path = UI;
			sourceTree = "<group>";
		};
		9FB0BF5F2770EBD3000DAAEF /* Main Page */ = {
			isa = PBXGroup;
			children = (
				9FB0BF602770EBDA000DAAEF /* Controllers */,
			);
			path = "Main Page";
			sourceTree = "<group>";
		};
		9FB0BF602770EBDA000DAAEF /* Controllers */ = {
			isa = PBXGroup;
			children = (
				9FE6D5A32770E6DB00EB3D39 /* MainViewController.swift */,
			);
			path = Controllers;
			sourceTree = "<group>";
		};
		9FE6D5932770E6DA00EB3D39 = {
			isa = PBXGroup;
			children = (
				9FE6D59E2770E6DB00EB3D39 /* Youtube App */,
				9FE6D59D2770E6DB00EB3D39 /* Products */,
			);
			sourceTree = "<group>";
		};
		9FE6D59D2770E6DB00EB3D39 /* Products */ = {
			isa = PBXGroup;
			children = (
				9FE6D59C2770E6DB00EB3D39 /* Youtube App.app */,
			);
			name = Products;
			sourceTree = "<group>";
		};
		9FE6D59E2770E6DB00EB3D39 /* Youtube App */ = {
			isa = PBXGroup;
			children = (
				9F39DD452773A0BE00C62176 /* Core */,
				9FB0BF5B2770EB99000DAAEF /* Root */,
				9FB0BF5D2770EBBC000DAAEF /* Scenes */,
				9FB0BF5C2770EBAF000DAAEF /* Presentation */,
				9FE6D5AD2770E6DB00EB3D39 /* Info.plist */,
				9FE6D5A82770E6DB00EB3D39 /* Assets.xcassets */,
			);
			path = "Youtube App";
			sourceTree = "<group>";
		};
/* End PBXGroup section */

/* Begin PBXNativeTarget section */
		9FE6D59B2770E6DB00EB3D39 /* Youtube App */ = {
			isa = PBXNativeTarget;
			buildConfigurationList = 9FE6D5B02770E6DB00EB3D39 /* Build configuration list for PBXNativeTarget "Youtube App" */;
			buildPhases = (
				9FE6D5982770E6DB00EB3D39 /* Sources */,
				9FE6D5992770E6DB00EB3D39 /* Frameworks */,
				9FE6D59A2770E6DB00EB3D39 /* Resources */,
			);
			buildRules = (
			);
			dependencies = (
			);
			name = "Youtube App";
			productName = Yapp;
			productReference = 9FE6D59C2770E6DB00EB3D39 /* Youtube App.app */;
			productType = "com.apple.product-type.application";
		};
/* End PBXNativeTarget section */

/* Begin PBXProject section */
		9FE6D5942770E6DA00EB3D39 /* Project object */ = {
			isa = PBXProject;
			attributes = {
				BuildIndependentTargetsInParallel = 1;
				LastSwiftUpdateCheck = 1320;
				LastUpgradeCheck = 1320;
				TargetAttributes = {
					9FE6D59B2770E6DB00EB3D39 = {
						CreatedOnToolsVersion = 13.2;
					};
				};
			};
			buildConfigurationList = 9FE6D5972770E6DA00EB3D39 /* Build configuration list for PBXProject "Youtube App" */;
			compatibilityVersion = "Xcode 13.0";
			developmentRegion = en;
			hasScannedForEncodings = 0;
			knownRegions = (
				en,
				Base,
			);
			mainGroup = 9FE6D5932770E6DA00EB3D39;
			productRefGroup = 9FE6D59D2770E6DB00EB3D39 /* Products */;
			projectDirPath = "";
			projectRoot = "";
			targets = (
				9FE6D59B2770E6DB00EB3D39 /* Youtube App */,
			);
		};
/* End PBXProject section */

/* Begin PBXResourcesBuildPhase section */
		9FE6D59A2770E6DB00EB3D39 /* Resources */ = {
			isa = PBXResourcesBuildPhase;
			buildActionMask = 2147483647;
			files = (
				9FE6D5AC2770E6DB00EB3D39 /* LaunchScreen.storyboard in Resources */,
				9FE6D5A92770E6DB00EB3D39 /* Assets.xcassets in Resources */,
				9FE6D5A72770E6DB00EB3D39 /* Main.storyboard in Resources */,
			);
			runOnlyForDeploymentPostprocessing = 0;
		};
/* End PBXResourcesBuildPhase section */

/* Begin PBXSourcesBuildPhase section */
		9FE6D5982770E6DB00EB3D39 /* Sources */ = {
			isa = PBXSourcesBuildPhase;
			buildActionMask = 2147483647;
			files = (
				9FE6D5A42770E6DB00EB3D39 /* MainViewController.swift in Sources */,
				9F39DD512773A23A00C62176 /* Video.swift in Sources */,
				9F92F5B4277499E800DCAAD2 /* CustomTableViewCell.swift in Sources */,
				9F4CA0D62776693500C50D77 /* DetailsViewController.swift in Sources */,
				9FE6D5A02770E6DB00EB3D39 /* AppDelegate.swift in Sources */,
				9F4CA0DB27766CD600C50D77 /* NavigationManager.swift in Sources */,
				9F4CA0DD2776860B00C50D77 /* DateFormatManager.swift in Sources */,
				9FE6D5A22770E6DB00EB3D39 /* SceneDelegate.swift in Sources */,
				9F39DD4D2773A1AF00C62176 /* Constants.swift in Sources */,
				9F4CA0D327765A6A00C50D77 /* CacheManager.swift in Sources */,
				9F39DD4F2773A22200C62176 /* Api Request.swift in Sources */,
				9F92F5B72774A09500DCAAD2 /* ApiRequestDelegate.swift in Sources */,
				9F39DD542773A45F00C62176 /* Response.swift in Sources */,
			);
			runOnlyForDeploymentPostprocessing = 0;
		};
/* End PBXSourcesBuildPhase section */

/* Begin PBXVariantGroup section */
		9FE6D5A52770E6DB00EB3D39 /* Main.storyboard */ = {
			isa = PBXVariantGroup;
			children = (
				9FE6D5A62770E6DB00EB3D39 /* Base */,
			);
			name = Main.storyboard;
			sourceTree = "<group>";
		};
		9FE6D5AA2770E6DB00EB3D39 /* LaunchScreen.storyboard */ = {
			isa = PBXVariantGroup;
			children = (
				9FE6D5AB2770E6DB00EB3D39 /* Base */,
			);
			name = LaunchScreen.storyboard;
			sourceTree = "<group>";
		};
/* End PBXVariantGroup section */

/* Begin XCBuildConfiguration section */
		9FE6D5AE2770E6DB00EB3D39 /* Debug */ = {
			isa = XCBuildConfiguration;
			buildSettings = {
				ALWAYS_SEARCH_USER_PATHS = NO;
				CLANG_ANALYZER_NONNULL = YES;
				CLANG_ANALYZER_NUMBER_OBJECT_CONVERSION = YES_AGGRESSIVE;
				CLANG_CXX_LANGUAGE_STANDARD = "gnu++17";
				CLANG_CXX_LIBRARY = "libc++";
				CLANG_ENABLE_MODULES = YES;
				CLANG_ENABLE_OBJC_ARC = YES;
				CLANG_ENABLE_OBJC_WEAK = YES;
				CLANG_WARN_BLOCK_CAPTURE_AUTORELEASING = YES;
				CLANG_WARN_BOOL_CONVERSION = YES;
				CLANG_WARN_COMMA = YES;
				CLANG_WARN_CONSTANT_CONVERSION = YES;
				CLANG_WARN_DEPRECATED_OBJC_IMPLEMENTATIONS = YES;
				CLANG_WARN_DIRECT_OBJC_ISA_USAGE = YES_ERROR;
				CLANG_WARN_DOCUMENTATION_COMMENTS = YES;
				CLANG_WARN_EMPTY_BODY = YES;
				CLANG_WARN_ENUM_CONVERSION = YES;
				CLANG_WARN_INFINITE_RECURSION = YES;
				CLANG_WARN_INT_CONVERSION = YES;
				CLANG_WARN_NON_LITERAL_NULL_CONVERSION = YES;
				CLANG_WARN_OBJC_IMPLICIT_RETAIN_SELF = YES;
				CLANG_WARN_OBJC_LITERAL_CONVERSION = YES;
				CLANG_WARN_OBJC_ROOT_CLASS = YES_ERROR;
				CLANG_WARN_QUOTED_INCLUDE_IN_FRAMEWORK_HEADER = YES;
				CLANG_WARN_RANGE_LOOP_ANALYSIS = YES;
				CLANG_WARN_STRICT_PROTOTYPES = YES;
				CLANG_WARN_SUSPICIOUS_MOVE = YES;
				CLANG_WARN_UNGUARDED_AVAILABILITY = YES_AGGRESSIVE;
				CLANG_WARN_UNREACHABLE_CODE = YES;
				CLANG_WARN__DUPLICATE_METHOD_MATCH = YES;
				COPY_PHASE_STRIP = NO;
				DEBUG_INFORMATION_FORMAT = dwarf;
				ENABLE_STRICT_OBJC_MSGSEND = YES;
				ENABLE_TESTABILITY = YES;
				GCC_C_LANGUAGE_STANDARD = gnu11;
				GCC_DYNAMIC_NO_PIC = NO;
				GCC_NO_COMMON_BLOCKS = YES;
				GCC_OPTIMIZATION_LEVEL = 0;
				GCC_PREPROCESSOR_DEFINITIONS = (
					"DEBUG=1",
					"$(inherited)",
				);
				GCC_WARN_64_TO_32_BIT_CONVERSION = YES;
				GCC_WARN_ABOUT_RETURN_TYPE = YES_ERROR;
				GCC_WARN_UNDECLARED_SELECTOR = YES;
				GCC_WARN_UNINITIALIZED_AUTOS = YES_AGGRESSIVE;
				GCC_WARN_UNUSED_FUNCTION = YES;
				GCC_WARN_UNUSED_VARIABLE = YES;
				IPHONEOS_DEPLOYMENT_TARGET = 15.2;
				MTL_ENABLE_DEBUG_INFO = INCLUDE_SOURCE;
				MTL_FAST_MATH = YES;
				ONLY_ACTIVE_ARCH = YES;
				SDKROOT = iphoneos;
				SWIFT_ACTIVE_COMPILATION_CONDITIONS = DEBUG;
				SWIFT_OPTIMIZATION_LEVEL = "-Onone";
			};
			name = Debug;
		};
		9FE6D5AF2770E6DB00EB3D39 /* Release */ = {
			isa = XCBuildConfiguration;
			buildSettings = {
				ALWAYS_SEARCH_USER_PATHS = NO;
				CLANG_ANALYZER_NONNULL = YES;
				CLANG_ANALYZER_NUMBER_OBJECT_CONVERSION = YES_AGGRESSIVE;
				CLANG_CXX_LANGUAGE_STANDARD = "gnu++17";
				CLANG_CXX_LIBRARY = "libc++";
				CLANG_ENABLE_MODULES = YES;
				CLANG_ENABLE_OBJC_ARC = YES;
				CLANG_ENABLE_OBJC_WEAK = YES;
				CLANG_WARN_BLOCK_CAPTURE_AUTORELEASING = YES;
				CLANG_WARN_BOOL_CONVERSION = YES;
				CLANG_WARN_COMMA = YES;
				CLANG_WARN_CONSTANT_CONVERSION = YES;
				CLANG_WARN_DEPRECATED_OBJC_IMPLEMENTATIONS = YES;
				CLANG_WARN_DIRECT_OBJC_ISA_USAGE = YES_ERROR;
				CLANG_WARN_DOCUMENTATION_COMMENTS = YES;
				CLANG_WARN_EMPTY_BODY = YES;
				CLANG_WARN_ENUM_CONVERSION = YES;
				CLANG_WARN_INFINITE_RECURSION = YES;
				CLANG_WARN_INT_CONVERSION = YES;
				CLANG_WARN_NON_LITERAL_NULL_CONVERSION = YES;
				CLANG_WARN_OBJC_IMPLICIT_RETAIN_SELF = YES;
				CLANG_WARN_OBJC_LITERAL_CONVERSION = YES;
				CLANG_WARN_OBJC_ROOT_CLASS = YES_ERROR;
				CLANG_WARN_QUOTED_INCLUDE_IN_FRAMEWORK_HEADER = YES;
				CLANG_WARN_RANGE_LOOP_ANALYSIS = YES;
				CLANG_WARN_STRICT_PROTOTYPES = YES;
				CLANG_WARN_SUSPICIOUS_MOVE = YES;
				CLANG_WARN_UNGUARDED_AVAILABILITY = YES_AGGRESSIVE;
				CLANG_WARN_UNREACHABLE_CODE = YES;
				CLANG_WARN__DUPLICATE_METHOD_MATCH = YES;
				COPY_PHASE_STRIP = NO;
				DEBUG_INFORMATION_FORMAT = "dwarf-with-dsym";
				ENABLE_NS_ASSERTIONS = NO;
				ENABLE_STRICT_OBJC_MSGSEND = YES;
				GCC_C_LANGUAGE_STANDARD = gnu11;
				GCC_NO_COMMON_BLOCKS = YES;
				GCC_WARN_64_TO_32_BIT_CONVERSION = YES;
				GCC_WARN_ABOUT_RETURN_TYPE = YES_ERROR;
				GCC_WARN_UNDECLARED_SELECTOR = YES;
				GCC_WARN_UNINITIALIZED_AUTOS = YES_AGGRESSIVE;
				GCC_WARN_UNUSED_FUNCTION = YES;
				GCC_WARN_UNUSED_VARIABLE = YES;
				IPHONEOS_DEPLOYMENT_TARGET = 15.2;
				MTL_ENABLE_DEBUG_INFO = NO;
				MTL_FAST_MATH = YES;
				SDKROOT = iphoneos;
				SWIFT_COMPILATION_MODE = wholemodule;
				SWIFT_OPTIMIZATION_LEVEL = "-O";
				VALIDATE_PRODUCT = YES;
			};
			name = Release;
		};
		9FE6D5B12770E6DB00EB3D39 /* Debug */ = {
			isa = XCBuildConfiguration;
			buildSettings = {
				ASSETCATALOG_COMPILER_APPICON_NAME = AppIcon;
				ASSETCATALOG_COMPILER_GLOBAL_ACCENT_COLOR_NAME = AccentColor;
				CODE_SIGN_STYLE = Automatic;
				CURRENT_PROJECT_VERSION = 1;
				DEVELOPMENT_TEAM = 8JDHD2Z7HU;
				GENERATE_INFOPLIST_FILE = YES;
				INFOPLIST_FILE = "Youtube App/Info.plist";
				INFOPLIST_KEY_UIApplicationSupportsIndirectInputEvents = YES;
				INFOPLIST_KEY_UILaunchStoryboardName = LaunchScreen;
				INFOPLIST_KEY_UIMainStoryboardFile = Main;
				INFOPLIST_KEY_UISupportedInterfaceOrientations_iPad = "UIInterfaceOrientationPortrait UIInterfaceOrientationPortraitUpsideDown UIInterfaceOrientationLandscapeLeft UIInterfaceOrientationLandscapeRight";
				INFOPLIST_KEY_UISupportedInterfaceOrientations_iPhone = "UIInterfaceOrientationPortrait UIInterfaceOrientationLandscapeLeft UIInterfaceOrientationLandscapeRight";
				LD_RUNPATH_SEARCH_PATHS = (
					"$(inherited)",
					"@executable_path/Frameworks",
				);
				MARKETING_VERSION = 1.0;
				PRODUCT_BUNDLE_IDENTIFIER = aleksandre.YoutubeApp;
				PRODUCT_NAME = "$(TARGET_NAME)";
				SWIFT_EMIT_LOC_STRINGS = YES;
				SWIFT_VERSION = 5.0;
				TARGETED_DEVICE_FAMILY = "1,2";
			};
			name = Debug;
		};
		9FE6D5B22770E6DB00EB3D39 /* Release */ = {
			isa = XCBuildConfiguration;
			buildSettings = {
				ASSETCATALOG_COMPILER_APPICON_NAME = AppIcon;
				ASSETCATALOG_COMPILER_GLOBAL_ACCENT_COLOR_NAME = AccentColor;
				CODE_SIGN_STYLE = Automatic;
				CURRENT_PROJECT_VERSION = 1;
				DEVELOPMENT_TEAM = 8JDHD2Z7HU;
				GENERATE_INFOPLIST_FILE = YES;
				INFOPLIST_FILE = "Youtube App/Info.plist";
				INFOPLIST_KEY_UIApplicationSupportsIndirectInputEvents = YES;
				INFOPLIST_KEY_UILaunchStoryboardName = LaunchScreen;
				INFOPLIST_KEY_UIMainStoryboardFile = Main;
				INFOPLIST_KEY_UISupportedInterfaceOrientations_iPad = "UIInterfaceOrientationPortrait UIInterfaceOrientationPortraitUpsideDown UIInterfaceOrientationLandscapeLeft UIInterfaceOrientationLandscapeRight";
				INFOPLIST_KEY_UISupportedInterfaceOrientations_iPhone = "UIInterfaceOrientationPortrait UIInterfaceOrientationLandscapeLeft UIInterfaceOrientationLandscapeRight";
				LD_RUNPATH_SEARCH_PATHS = (
					"$(inherited)",
					"@executable_path/Frameworks",
				);
				MARKETING_VERSION = 1.0;
				PRODUCT_BUNDLE_IDENTIFIER = aleksandre.YoutubeApp;
				PRODUCT_NAME = "$(TARGET_NAME)";
				SWIFT_EMIT_LOC_STRINGS = YES;
				SWIFT_VERSION = 5.0;
				TARGETED_DEVICE_FAMILY = "1,2";
			};
			name = Release;
		};
/* End XCBuildConfiguration section */

/* Begin XCConfigurationList section */
		9FE6D5972770E6DA00EB3D39 /* Build configuration list for PBXProject "Youtube App" */ = {
			isa = XCConfigurationList;
			buildConfigurations = (
				9FE6D5AE2770E6DB00EB3D39 /* Debug */,
				9FE6D5AF2770E6DB00EB3D39 /* Release */,
			);
			defaultConfigurationIsVisible = 0;
			defaultConfigurationName = Release;
		};
		9FE6D5B02770E6DB00EB3D39 /* Build configuration list for PBXNativeTarget "Youtube App" */ = {
			isa = XCConfigurationList;
			buildConfigurations = (
				9FE6D5B12770E6DB00EB3D39 /* Debug */,
				9FE6D5B22770E6DB00EB3D39 /* Release */,
			);
			defaultConfigurationIsVisible = 0;
			defaultConfigurationName = Release;
		};
/* End XCConfigurationList section */
	};
	rootObject = 9FE6D5942770E6DA00EB3D39 /* Project object */;
}
